{
  "name": "@emmetio/nova-plugin",
  "version": "1.0.0",
  "lockfileVersion": 1,
  "requires": true,
  "dependencies": {
    "emmet": {
      "version": "2.0.0-rc.10",
      "resolved": "https://registry.npmjs.org/emmet/-/emmet-2.0.0-rc.10.tgz",
      "integrity": "sha512-PrM5dedPWqMKYU1SXX8bUBIy69BpcgvLNffZ63DmZsn0tHkBNH9dyKfWwU42ah4yFN1RvPbQLEJGapeFZwpLYg=="
    },
    "typescript": {
      "version": "3.8.2",
      "resolved": "https://registry.npmjs.org/typescript/-/typescript-3.8.2.tgz",
      "integrity": "sha512-EgOVgL/4xfVrCMbhYKUQTdF37SQn4Iw73H5BgCrF1Abdun7Kwy/QZsE/ssAy0y4LxBbvua3PIbFsbRczWWnDdQ==",
      "dev": true
    }
  }
}
